
Microsoft Visual Studio Solution File, Format Version 12.00
# Visual Studio 15
VisualStudioVersion = 15.0.26730.16
MinimumVisualStudioVersion = 10.0.40219.1
Project("{FAE04EC0-301F-11D3-BF4B-00C04F79EFBC}") = "AppBuilderConsole", "AppBuilderConsole\AppBuilderConsole.csproj", "{0797B3AD-84FE-4ABF-9188-EA431642B174}"
EndProject
Global
	GlobalSection(SolutionConfigurationPlatforms) = preSolution
		Debug|Any CPU = Debug|Any CPU
		Release|Any CPU = Release|Any CPU
	EndGlobalSection
	GlobalSection(ProjectConfigurationPlatforms) = postSolution
		{0797B3AD-84FE-4ABF-9188-EA431642B174}.Debug|Any CPU.ActiveCfg = Debug|Any CPU
		{0797B3AD-84FE-4ABF-9188-EA431642B174}.Debug|Any CPU.Build.0 = Debug|Any CPU
		{0797B3AD-84FE-4ABF-9188-EA431642B174}.Release|Any CPU.ActiveCfg = Release|Any CPU
		{0797B3AD-84FE-4ABF-9188-EA431642B174}.Release|Any CPU.Build.0 = Release|Any CPU
	EndGlobalSection
	GlobalSection(SolutionProperties) = preSolution
		HideSolutionNode = FALSE
	EndGlobalSection
	GlobalSection(ExtensibilityGlobals) = postSolution
		SolutionGuid = {DB01126B-A897-4709-AD16-F52241BEACE8}
	EndGlobalSection
EndGlobal
